
Microsoft Visual Studio Solution File, Format Version 12.00
# Visual Studio Version 16
VisualStudioVersion = 16.0.30225.117
MinimumVisualStudioVersion = 10.0.40219.1
Project("{FAE04EC0-301F-11D3-BF4B-00C04F79EFBC}") = "20221129_Sortieren", "20221129_Sortieren.csproj", "{2CF0E406-3007-42E3-A3F4-F0AD959A2F1B}"
EndProject
Global
	GlobalSection(SolutionConfigurationPlatforms) = preSolution
		Debug|Any CPU = Debug|Any CPU
		Release|Any CPU = Release|Any CPU
	EndGlobalSection
	GlobalSection(ProjectConfigurationPlatforms) = postSolution
		{2CF0E406-3007-42E3-A3F4-F0AD959A2F1B}.Debug|Any CPU.ActiveCfg = Debug|Any CPU
		{2CF0E406-3007-42E3-A3F4-F0AD959A2F1B}.Debug|Any CPU.Build.0 = Debug|Any CPU
		{2CF0E406-3007-42E3-A3F4-F0AD959A2F1B}.Release|Any CPU.ActiveCfg = Release|Any CPU
		{2CF0E406-3007-42E3-A3F4-F0AD959A2F1B}.Release|Any CPU.Build.0 = Release|Any CPU
	EndGlobalSection
	GlobalSection(SolutionProperties) = preSolution
		HideSolutionNode = FALSE
	EndGlobalSection
	GlobalSection(ExtensibilityGlobals) = postSolution
		SolutionGuid = {E83A1AFA-8164-421C-89EC-24E758E2FEED}
	EndGlobalSection
EndGlobal
