
Microsoft Visual Studio Solution File, Format Version 12.00
# Visual Studio Version 16
VisualStudioVersion = 16.0.30503.244
MinimumVisualStudioVersion = 10.0.40219.1
Project("{FAE04EC0-301F-11D3-BF4B-00C04F79EFBC}") = "20220530_BitOperation", "20220530_BitOperation.csproj", "{BC61EEA0-EDCD-4964-93B2-962E39C0597B}"
EndProject
Global
	GlobalSection(SolutionConfigurationPlatforms) = preSolution
		Debug|Any CPU = Debug|Any CPU
		Release|Any CPU = Release|Any CPU
	EndGlobalSection
	GlobalSection(ProjectConfigurationPlatforms) = postSolution
		{BC61EEA0-EDCD-4964-93B2-962E39C0597B}.Debug|Any CPU.ActiveCfg = Debug|Any CPU
		{BC61EEA0-EDCD-4964-93B2-962E39C0597B}.Debug|Any CPU.Build.0 = Debug|Any CPU
		{BC61EEA0-EDCD-4964-93B2-962E39C0597B}.Release|Any CPU.ActiveCfg = Release|Any CPU
		{BC61EEA0-EDCD-4964-93B2-962E39C0597B}.Release|Any CPU.Build.0 = Release|Any CPU
	EndGlobalSection
	GlobalSection(SolutionProperties) = preSolution
		HideSolutionNode = FALSE
	EndGlobalSection
	GlobalSection(ExtensibilityGlobals) = postSolution
		SolutionGuid = {107284B2-EDD5-4193-B700-11D6399D6A7B}
	EndGlobalSection
EndGlobal
