
Microsoft Visual Studio Solution File, Format Version 12.00
# Visual Studio Version 17
VisualStudioVersion = 17.8.34511.84
MinimumVisualStudioVersion = 10.0.40219.1
Project("{FAE04EC0-301F-11D3-BF4B-00C04F79EFBC}") = "20240313_ListBoxGestalten", "20240313_ListBoxGestalten.csproj", "{D33199E5-73E9-4C74-BF82-7096FB14291A}"
EndProject
Global
	GlobalSection(SolutionConfigurationPlatforms) = preSolution
		Debug|Any CPU = Debug|Any CPU
		Release|Any CPU = Release|Any CPU
	EndGlobalSection
	GlobalSection(ProjectConfigurationPlatforms) = postSolution
		{D33199E5-73E9-4C74-BF82-7096FB14291A}.Debug|Any CPU.ActiveCfg = Debug|Any CPU
		{D33199E5-73E9-4C74-BF82-7096FB14291A}.Debug|Any CPU.Build.0 = Debug|Any CPU
		{D33199E5-73E9-4C74-BF82-7096FB14291A}.Release|Any CPU.ActiveCfg = Release|Any CPU
		{D33199E5-73E9-4C74-BF82-7096FB14291A}.Release|Any CPU.Build.0 = Release|Any CPU
	EndGlobalSection
	GlobalSection(SolutionProperties) = preSolution
		HideSolutionNode = FALSE
	EndGlobalSection
	GlobalSection(ExtensibilityGlobals) = postSolution
		SolutionGuid = {C6EE8059-6EC3-41E0-A472-F81FFC30B3F2}
	EndGlobalSection
EndGlobal
