
Microsoft Visual Studio Solution File, Format Version 12.00
# Visual Studio Version 17
VisualStudioVersion = 17.8.34511.84
MinimumVisualStudioVersion = 10.0.40219.1
Project("{FAE04EC0-301F-11D3-BF4B-00C04F79EFBC}") = "20240226_DemoThreads", "20240226_DemoThreads.csproj", "{4E91F6AA-09BB-48CB-BF32-CA46913791D9}"
EndProject
Global
	GlobalSection(SolutionConfigurationPlatforms) = preSolution
		Debug|Any CPU = Debug|Any CPU
		Release|Any CPU = Release|Any CPU
	EndGlobalSection
	GlobalSection(ProjectConfigurationPlatforms) = postSolution
		{4E91F6AA-09BB-48CB-BF32-CA46913791D9}.Debug|Any CPU.ActiveCfg = Debug|Any CPU
		{4E91F6AA-09BB-48CB-BF32-CA46913791D9}.Debug|Any CPU.Build.0 = Debug|Any CPU
		{4E91F6AA-09BB-48CB-BF32-CA46913791D9}.Release|Any CPU.ActiveCfg = Release|Any CPU
		{4E91F6AA-09BB-48CB-BF32-CA46913791D9}.Release|Any CPU.Build.0 = Release|Any CPU
	EndGlobalSection
	GlobalSection(SolutionProperties) = preSolution
		HideSolutionNode = FALSE
	EndGlobalSection
	GlobalSection(ExtensibilityGlobals) = postSolution
		SolutionGuid = {88F02BF2-9A87-439A-A8F8-1D88CB276E06}
	EndGlobalSection
EndGlobal
