
Microsoft Visual Studio Solution File, Format Version 12.00
# Visual Studio Version 16
VisualStudioVersion = 16.0.30225.117
MinimumVisualStudioVersion = 10.0.40219.1
Project("{FAE04EC0-301F-11D3-BF4B-00C04F79EFBC}") = "20230515_Dialog_Datenuebergabe", "20230515_Dialog_Datenuebergabe.csproj", "{240B9334-EBD8-4A22-88D7-D0A1B0D445D7}"
EndProject
Global
	GlobalSection(SolutionConfigurationPlatforms) = preSolution
		Debug|Any CPU = Debug|Any CPU
		Release|Any CPU = Release|Any CPU
	EndGlobalSection
	GlobalSection(ProjectConfigurationPlatforms) = postSolution
		{240B9334-EBD8-4A22-88D7-D0A1B0D445D7}.Debug|Any CPU.ActiveCfg = Debug|Any CPU
		{240B9334-EBD8-4A22-88D7-D0A1B0D445D7}.Debug|Any CPU.Build.0 = Debug|Any CPU
		{240B9334-EBD8-4A22-88D7-D0A1B0D445D7}.Release|Any CPU.ActiveCfg = Release|Any CPU
		{240B9334-EBD8-4A22-88D7-D0A1B0D445D7}.Release|Any CPU.Build.0 = Release|Any CPU
	EndGlobalSection
	GlobalSection(SolutionProperties) = preSolution
		HideSolutionNode = FALSE
	EndGlobalSection
	GlobalSection(ExtensibilityGlobals) = postSolution
		SolutionGuid = {B08D5366-6035-4FD1-8DF4-DA1BF4418858}
	EndGlobalSection
EndGlobal
