
Microsoft Visual Studio Solution File, Format Version 12.00
# Visual Studio Version 17
VisualStudioVersion = 17.8.34511.84
MinimumVisualStudioVersion = 10.0.40219.1
Project("{FAE04EC0-301F-11D3-BF4B-00C04F79EFBC}") = "20240219_Geometrie", "20240219_Geometrie.csproj", "{F9AEE530-3C12-4029-951A-FBB2C290EE12}"
EndProject
Global
	GlobalSection(SolutionConfigurationPlatforms) = preSolution
		Debug|Any CPU = Debug|Any CPU
		Release|Any CPU = Release|Any CPU
	EndGlobalSection
	GlobalSection(ProjectConfigurationPlatforms) = postSolution
		{F9AEE530-3C12-4029-951A-FBB2C290EE12}.Debug|Any CPU.ActiveCfg = Debug|Any CPU
		{F9AEE530-3C12-4029-951A-FBB2C290EE12}.Debug|Any CPU.Build.0 = Debug|Any CPU
		{F9AEE530-3C12-4029-951A-FBB2C290EE12}.Release|Any CPU.ActiveCfg = Release|Any CPU
		{F9AEE530-3C12-4029-951A-FBB2C290EE12}.Release|Any CPU.Build.0 = Release|Any CPU
	EndGlobalSection
	GlobalSection(SolutionProperties) = preSolution
		HideSolutionNode = FALSE
	EndGlobalSection
	GlobalSection(ExtensibilityGlobals) = postSolution
		SolutionGuid = {0B868B6D-FE82-444A-96A8-711D83B95748}
	EndGlobalSection
EndGlobal
