
Microsoft Visual Studio Solution File, Format Version 12.00
# Visual Studio Version 16
VisualStudioVersion = 16.0.30225.117
MinimumVisualStudioVersion = 10.0.40219.1
Project("{FAE04EC0-301F-11D3-BF4B-00C04F79EFBC}") = "20221017_Einfuehrung", "20221017_Einfuehrung.csproj", "{C5132AC5-66D7-4F8B-83AA-4D93972D7598}"
EndProject
Global
	GlobalSection(SolutionConfigurationPlatforms) = preSolution
		Debug|Any CPU = Debug|Any CPU
		Release|Any CPU = Release|Any CPU
	EndGlobalSection
	GlobalSection(ProjectConfigurationPlatforms) = postSolution
		{C5132AC5-66D7-4F8B-83AA-4D93972D7598}.Debug|Any CPU.ActiveCfg = Debug|Any CPU
		{C5132AC5-66D7-4F8B-83AA-4D93972D7598}.Debug|Any CPU.Build.0 = Debug|Any CPU
		{C5132AC5-66D7-4F8B-83AA-4D93972D7598}.Release|Any CPU.ActiveCfg = Release|Any CPU
		{C5132AC5-66D7-4F8B-83AA-4D93972D7598}.Release|Any CPU.Build.0 = Release|Any CPU
	EndGlobalSection
	GlobalSection(SolutionProperties) = preSolution
		HideSolutionNode = FALSE
	EndGlobalSection
	GlobalSection(ExtensibilityGlobals) = postSolution
		SolutionGuid = {96021379-9B41-41A8-8429-6AC5FE192E99}
	EndGlobalSection
EndGlobal
