
Microsoft Visual Studio Solution File, Format Version 12.00
# Visual Studio Version 16
VisualStudioVersion = 16.0.30523.141
MinimumVisualStudioVersion = 10.0.40219.1
Project("{FAE04EC0-301F-11D3-BF4B-00C04F79EFBC}") = "Full2AHWII", "Full2AHWII.csproj", "{49C14FE0-C8ED-4AD2-A0D6-C47910A386F3}"
EndProject
Global
	GlobalSection(SolutionConfigurationPlatforms) = preSolution
		Debug|Any CPU = Debug|Any CPU
		Release|Any CPU = Release|Any CPU
	EndGlobalSection
	GlobalSection(ProjectConfigurationPlatforms) = postSolution
		{49C14FE0-C8ED-4AD2-A0D6-C47910A386F3}.Debug|Any CPU.ActiveCfg = Debug|Any CPU
		{49C14FE0-C8ED-4AD2-A0D6-C47910A386F3}.Debug|Any CPU.Build.0 = Debug|Any CPU
		{49C14FE0-C8ED-4AD2-A0D6-C47910A386F3}.Release|Any CPU.ActiveCfg = Release|Any CPU
		{49C14FE0-C8ED-4AD2-A0D6-C47910A386F3}.Release|Any CPU.Build.0 = Release|Any CPU
	EndGlobalSection
	GlobalSection(SolutionProperties) = preSolution
		HideSolutionNode = FALSE
	EndGlobalSection
	GlobalSection(ExtensibilityGlobals) = postSolution
		SolutionGuid = {940947E6-5D14-43FC-A9A2-6837A2CDD8D3}
	EndGlobalSection
EndGlobal
