
Microsoft Visual Studio Solution File, Format Version 12.00
# Visual Studio Version 17
VisualStudioVersion = 17.5.33627.172
MinimumVisualStudioVersion = 10.0.40219.1
Project("{FAE04EC0-301F-11D3-BF4B-00C04F79EFBC}") = "20231115_Schilling_Euro", "20231115_Schilling_Euro.csproj", "{68300099-5BD6-4E42-A20D-354AF8E888C6}"
EndProject
Global
	GlobalSection(SolutionConfigurationPlatforms) = preSolution
		Debug|Any CPU = Debug|Any CPU
		Release|Any CPU = Release|Any CPU
	EndGlobalSection
	GlobalSection(ProjectConfigurationPlatforms) = postSolution
		{68300099-5BD6-4E42-A20D-354AF8E888C6}.Debug|Any CPU.ActiveCfg = Debug|Any CPU
		{68300099-5BD6-4E42-A20D-354AF8E888C6}.Debug|Any CPU.Build.0 = Debug|Any CPU
		{68300099-5BD6-4E42-A20D-354AF8E888C6}.Release|Any CPU.ActiveCfg = Release|Any CPU
		{68300099-5BD6-4E42-A20D-354AF8E888C6}.Release|Any CPU.Build.0 = Release|Any CPU
	EndGlobalSection
	GlobalSection(SolutionProperties) = preSolution
		HideSolutionNode = FALSE
	EndGlobalSection
	GlobalSection(ExtensibilityGlobals) = postSolution
		SolutionGuid = {6BC61ADB-77AA-4403-B5F0-525B6119D947}
	EndGlobalSection
EndGlobal
