
Microsoft Visual Studio Solution File, Format Version 12.00
# Visual Studio Version 16
VisualStudioVersion = 16.0.30225.117
MinimumVisualStudioVersion = 10.0.40219.1
Project("{FAE04EC0-301F-11D3-BF4B-00C04F79EFBC}") = "20230522_MiniEditor", "20230522_MiniEditor.csproj", "{3A244E67-B589-4F27-AFA7-A9DF4CBFBBDD}"
EndProject
Global
	GlobalSection(SolutionConfigurationPlatforms) = preSolution
		Debug|Any CPU = Debug|Any CPU
		Release|Any CPU = Release|Any CPU
	EndGlobalSection
	GlobalSection(ProjectConfigurationPlatforms) = postSolution
		{3A244E67-B589-4F27-AFA7-A9DF4CBFBBDD}.Debug|Any CPU.ActiveCfg = Debug|Any CPU
		{3A244E67-B589-4F27-AFA7-A9DF4CBFBBDD}.Debug|Any CPU.Build.0 = Debug|Any CPU
		{3A244E67-B589-4F27-AFA7-A9DF4CBFBBDD}.Release|Any CPU.ActiveCfg = Release|Any CPU
		{3A244E67-B589-4F27-AFA7-A9DF4CBFBBDD}.Release|Any CPU.Build.0 = Release|Any CPU
	EndGlobalSection
	GlobalSection(SolutionProperties) = preSolution
		HideSolutionNode = FALSE
	EndGlobalSection
	GlobalSection(ExtensibilityGlobals) = postSolution
		SolutionGuid = {54CB28D9-875A-4B3C-9D35-BB37D7FA7A2D}
	EndGlobalSection
EndGlobal
