
Microsoft Visual Studio Solution File, Format Version 12.00
# Visual Studio Version 16
VisualStudioVersion = 16.0.30225.117
MinimumVisualStudioVersion = 10.0.40219.1
Project("{FAE04EC0-301F-11D3-BF4B-00C04F79EFBC}") = "20220615_CD_Sammlung", "20220615_CD_Sammlung.csproj", "{838777C1-071D-4048-BB28-609772DB2361}"
EndProject
Global
	GlobalSection(SolutionConfigurationPlatforms) = preSolution
		Debug|Any CPU = Debug|Any CPU
		Release|Any CPU = Release|Any CPU
	EndGlobalSection
	GlobalSection(ProjectConfigurationPlatforms) = postSolution
		{838777C1-071D-4048-BB28-609772DB2361}.Debug|Any CPU.ActiveCfg = Debug|Any CPU
		{838777C1-071D-4048-BB28-609772DB2361}.Debug|Any CPU.Build.0 = Debug|Any CPU
		{838777C1-071D-4048-BB28-609772DB2361}.Release|Any CPU.ActiveCfg = Release|Any CPU
		{838777C1-071D-4048-BB28-609772DB2361}.Release|Any CPU.Build.0 = Release|Any CPU
	EndGlobalSection
	GlobalSection(SolutionProperties) = preSolution
		HideSolutionNode = FALSE
	EndGlobalSection
	GlobalSection(ExtensibilityGlobals) = postSolution
		SolutionGuid = {E9C06905-D13E-435B-9D0D-BD6AAF437F49}
	EndGlobalSection
EndGlobal
