
Microsoft Visual Studio Solution File, Format Version 12.00
# Visual Studio Version 16
VisualStudioVersion = 16.0.30225.117
MinimumVisualStudioVersion = 10.0.40219.1
Project("{FAE04EC0-301F-11D3-BF4B-00C04F79EFBC}") = "20221114_Interface", "20221114_Interface.csproj", "{730EF3B7-3925-490B-955A-21A890493D46}"
EndProject
Global
	GlobalSection(SolutionConfigurationPlatforms) = preSolution
		Debug|Any CPU = Debug|Any CPU
		Release|Any CPU = Release|Any CPU
	EndGlobalSection
	GlobalSection(ProjectConfigurationPlatforms) = postSolution
		{730EF3B7-3925-490B-955A-21A890493D46}.Debug|Any CPU.ActiveCfg = Debug|Any CPU
		{730EF3B7-3925-490B-955A-21A890493D46}.Debug|Any CPU.Build.0 = Debug|Any CPU
		{730EF3B7-3925-490B-955A-21A890493D46}.Release|Any CPU.ActiveCfg = Release|Any CPU
		{730EF3B7-3925-490B-955A-21A890493D46}.Release|Any CPU.Build.0 = Release|Any CPU
	EndGlobalSection
	GlobalSection(SolutionProperties) = preSolution
		HideSolutionNode = FALSE
	EndGlobalSection
	GlobalSection(ExtensibilityGlobals) = postSolution
		SolutionGuid = {CB4FEDA5-AB5A-4C84-9DBE-03C6FF1D23F7}
	EndGlobalSection
EndGlobal
