
Microsoft Visual Studio Solution File, Format Version 12.00
# Visual Studio Version 17
VisualStudioVersion = 17.8.34511.84
MinimumVisualStudioVersion = 10.0.40219.1
Project("{FAE04EC0-301F-11D3-BF4B-00C04F79EFBC}") = "20240304_MeineBibliothek", "20240304_MeineBibliothek.csproj", "{F4B7199E-623E-49DD-B22C-2F3C8B075BA2}"
EndProject
Global
	GlobalSection(SolutionConfigurationPlatforms) = preSolution
		Debug|Any CPU = Debug|Any CPU
		Release|Any CPU = Release|Any CPU
	EndGlobalSection
	GlobalSection(ProjectConfigurationPlatforms) = postSolution
		{F4B7199E-623E-49DD-B22C-2F3C8B075BA2}.Debug|Any CPU.ActiveCfg = Debug|Any CPU
		{F4B7199E-623E-49DD-B22C-2F3C8B075BA2}.Debug|Any CPU.Build.0 = Debug|Any CPU
		{F4B7199E-623E-49DD-B22C-2F3C8B075BA2}.Release|Any CPU.ActiveCfg = Release|Any CPU
		{F4B7199E-623E-49DD-B22C-2F3C8B075BA2}.Release|Any CPU.Build.0 = Release|Any CPU
	EndGlobalSection
	GlobalSection(SolutionProperties) = preSolution
		HideSolutionNode = FALSE
	EndGlobalSection
	GlobalSection(ExtensibilityGlobals) = postSolution
		SolutionGuid = {A02CD47A-1365-4A4D-BC15-A22C425E3E1E}
	EndGlobalSection
EndGlobal
